
Microsoft Visual Studio Solution File, Format Version 12.00
# Visual Studio 15
VisualStudioVersion = 15.0.28010.2036
MinimumVisualStudioVersion = 10.0.40219.1
Project("{FAE04EC0-301F-11D3-BF4B-00C04F79EFBC}") = "MarsicRokoTimer", "MarsicRokoTimer\MarsicRokoTimer.csproj", "{59B94B0F-EDDC-41D7-8791-739D6E80D645}"
EndProject
Global
	GlobalSection(SolutionConfigurationPlatforms) = preSolution
		Debug|Any CPU = Debug|Any CPU
		Release|Any CPU = Release|Any CPU
	EndGlobalSection
	GlobalSection(ProjectConfigurationPlatforms) = postSolution
		{59B94B0F-EDDC-41D7-8791-739D6E80D645}.Debug|Any CPU.ActiveCfg = Debug|Any CPU
		{59B94B0F-EDDC-41D7-8791-739D6E80D645}.Debug|Any CPU.Build.0 = Debug|Any CPU
		{59B94B0F-EDDC-41D7-8791-739D6E80D645}.Release|Any CPU.ActiveCfg = Release|Any CPU
		{59B94B0F-EDDC-41D7-8791-739D6E80D645}.Release|Any CPU.Build.0 = Release|Any CPU
	EndGlobalSection
	GlobalSection(SolutionProperties) = preSolution
		HideSolutionNode = FALSE
	EndGlobalSection
	GlobalSection(ExtensibilityGlobals) = postSolution
		SolutionGuid = {D1D05BE1-815D-409F-9947-6990DF10B1DA}
	EndGlobalSection
EndGlobal
